
Microsoft Visual Studio Solution File, Format Version 12.00
# Visual Studio 2012
Project("{FAE04EC0-301F-11D3-BF4B-00C04F79EFBC}") = "GSoft.Dynamite", "GSoft.Dynamite.csproj", "{0A3EB4A1-3004-4F23-B046-6EF2E20F53A4}"
EndProject
Global
	GlobalSection(SolutionConfigurationPlatforms) = preSolution
		Debug|Any CPU = Debug|Any CPU
		Release|Any CPU = Release|Any CPU
	EndGlobalSection
	GlobalSection(ProjectConfigurationPlatforms) = postSolution
		{0A3EB4A1-3004-4F23-B046-6EF2E20F53A4}.Debug|Any CPU.ActiveCfg = Debug|Any CPU
		{0A3EB4A1-3004-4F23-B046-6EF2E20F53A4}.Debug|Any CPU.Build.0 = Debug|Any CPU
		{0A3EB4A1-3004-4F23-B046-6EF2E20F53A4}.Release|Any CPU.ActiveCfg = Release|Any CPU
		{0A3EB4A1-3004-4F23-B046-6EF2E20F53A4}.Release|Any CPU.Build.0 = Release|Any CPU
	EndGlobalSection
	GlobalSection(SolutionProperties) = preSolution
		HideSolutionNode = FALSE
	EndGlobalSection
EndGlobal
