
Microsoft Visual Studio Solution File, Format Version 12.00
# Visual Studio 2013
VisualStudioVersion = 12.0.31101.0
MinimumVisualStudioVersion = 10.0.40219.1
Project("{2150E333-8FDC-42A3-9474-1A3956D46DE8}") = ".nuget", ".nuget", "{325B61B1-E832-4861-B919-58FED90B8612}"
	ProjectSection(SolutionItems) = preProject
		.nuget\NuGet.Config = .nuget\NuGet.Config
		.nuget\NuGet.exe = .nuget\NuGet.exe
		.nuget\NuGet.targets = .nuget\NuGet.targets
	EndProjectSection
EndProject
Project("{FAE04EC0-301F-11D3-BF4B-00C04F79EFBC}") = "GSoft.Dynamite", "GSoft.Dynamite\GSoft.Dynamite.csproj", "{0A3EB4A1-3004-4F23-B046-6EF2E20F53A4}"
EndProject
Project("{FAE04EC0-301F-11D3-BF4B-00C04F79EFBC}") = "GSoft.Dynamite.SP", "GSoft.Dynamite.SP\GSoft.Dynamite.SP.csproj", "{3F0EE7AF-FC86-4989-B3AB-29DF57138E4D}"
EndProject
Project("{FAE04EC0-301F-11D3-BF4B-00C04F79EFBC}") = "GSoft.Dynamite.UnitTests", "GSoft.Dynamite.UnitTests\GSoft.Dynamite.UnitTests.csproj", "{7379FB7E-3334-4B1D-9991-D7FD7DB52EAF}"
EndProject
Project("{2150E333-8FDC-42A3-9474-1A3956D46DE8}") = ".solution items", ".solution items", "{EF77EB75-7BB4-4DFC-B940-6F3EE9E61D8A}"
	ProjectSection(SolutionItems) = preProject
		fxcop.Debug.FxCop = fxcop.Debug.FxCop
		fxcop.Release.FxCop = fxcop.Release.FxCop
		Integration.testsettings = Integration.testsettings
		Settings.StyleCop = Settings.StyleCop
	EndProjectSection
EndProject
Project("{FAE04EC0-301F-11D3-BF4B-00C04F79EFBC}") = "GSoft.Dynamite.IntegrationTests", "GSoft.Dynamite.IntegrationTests\GSoft.Dynamite.IntegrationTests.csproj", "{A94EE293-CDE0-4FD0-9CB7-6B68F3D453AD}"
EndProject
Project("{2150E333-8FDC-42A3-9474-1A3956D46DE8}") = "Tests", "Tests", "{13586D62-D483-4B4E-B13E-C344B9D457D7}"
EndProject
Project("{FAE04EC0-301F-11D3-BF4B-00C04F79EFBC}") = "GSoft.Dynamite.PowerShell.Tests", "GSoft.Dynamite.Powershell.Tests\GSoft.Dynamite.PowerShell.Tests.csproj", "{0BFB49A8-9B80-4FE6-9E34-C78E63A1C9B5}"
EndProject
Project("{FAE04EC0-301F-11D3-BF4B-00C04F79EFBC}") = "GSoft.Dynamite.PowerShell", "GSoft.Dynamite.PowerShell\GSoft.Dynamite.PowerShell.csproj", "{DB88F557-B84F-4435-9CBF-3B5610D44362}"
EndProject
Global
	GlobalSection(SolutionConfigurationPlatforms) = preSolution
		Debug|Any CPU = Debug|Any CPU
		Release|Any CPU = Release|Any CPU
	EndGlobalSection
	GlobalSection(ProjectConfigurationPlatforms) = postSolution
		{0A3EB4A1-3004-4F23-B046-6EF2E20F53A4}.Debug|Any CPU.ActiveCfg = Debug|Any CPU
		{0A3EB4A1-3004-4F23-B046-6EF2E20F53A4}.Debug|Any CPU.Build.0 = Debug|Any CPU
		{0A3EB4A1-3004-4F23-B046-6EF2E20F53A4}.Release|Any CPU.ActiveCfg = Release|Any CPU
		{0A3EB4A1-3004-4F23-B046-6EF2E20F53A4}.Release|Any CPU.Build.0 = Release|Any CPU
		{3F0EE7AF-FC86-4989-B3AB-29DF57138E4D}.Debug|Any CPU.ActiveCfg = Debug|Any CPU
		{3F0EE7AF-FC86-4989-B3AB-29DF57138E4D}.Debug|Any CPU.Build.0 = Debug|Any CPU
		{3F0EE7AF-FC86-4989-B3AB-29DF57138E4D}.Debug|Any CPU.Deploy.0 = Debug|Any CPU
		{3F0EE7AF-FC86-4989-B3AB-29DF57138E4D}.Release|Any CPU.ActiveCfg = Release|Any CPU
		{3F0EE7AF-FC86-4989-B3AB-29DF57138E4D}.Release|Any CPU.Build.0 = Release|Any CPU
		{3F0EE7AF-FC86-4989-B3AB-29DF57138E4D}.Release|Any CPU.Deploy.0 = Release|Any CPU
		{7379FB7E-3334-4B1D-9991-D7FD7DB52EAF}.Debug|Any CPU.ActiveCfg = Debug|Any CPU
		{7379FB7E-3334-4B1D-9991-D7FD7DB52EAF}.Debug|Any CPU.Build.0 = Debug|Any CPU
		{7379FB7E-3334-4B1D-9991-D7FD7DB52EAF}.Release|Any CPU.ActiveCfg = Release|Any CPU
		{7379FB7E-3334-4B1D-9991-D7FD7DB52EAF}.Release|Any CPU.Build.0 = Release|Any CPU
		{A94EE293-CDE0-4FD0-9CB7-6B68F3D453AD}.Debug|Any CPU.ActiveCfg = Debug|Any CPU
		{A94EE293-CDE0-4FD0-9CB7-6B68F3D453AD}.Debug|Any CPU.Build.0 = Debug|Any CPU
		{A94EE293-CDE0-4FD0-9CB7-6B68F3D453AD}.Release|Any CPU.ActiveCfg = Release|Any CPU
		{A94EE293-CDE0-4FD0-9CB7-6B68F3D453AD}.Release|Any CPU.Build.0 = Release|Any CPU
		{0BFB49A8-9B80-4FE6-9E34-C78E63A1C9B5}.Debug|Any CPU.ActiveCfg = Debug|Any CPU
		{0BFB49A8-9B80-4FE6-9E34-C78E63A1C9B5}.Debug|Any CPU.Build.0 = Debug|Any CPU
		{0BFB49A8-9B80-4FE6-9E34-C78E63A1C9B5}.Release|Any CPU.ActiveCfg = Release|Any CPU
		{0BFB49A8-9B80-4FE6-9E34-C78E63A1C9B5}.Release|Any CPU.Build.0 = Release|Any CPU
		{DB88F557-B84F-4435-9CBF-3B5610D44362}.Debug|Any CPU.ActiveCfg = Debug|Any CPU
		{DB88F557-B84F-4435-9CBF-3B5610D44362}.Debug|Any CPU.Build.0 = Debug|Any CPU
		{DB88F557-B84F-4435-9CBF-3B5610D44362}.Release|Any CPU.ActiveCfg = Release|Any CPU
		{DB88F557-B84F-4435-9CBF-3B5610D44362}.Release|Any CPU.Build.0 = Release|Any CPU
	EndGlobalSection
	GlobalSection(SolutionProperties) = preSolution
		HideSolutionNode = FALSE
	EndGlobalSection
	GlobalSection(NestedProjects) = preSolution
		{7379FB7E-3334-4B1D-9991-D7FD7DB52EAF} = {13586D62-D483-4B4E-B13E-C344B9D457D7}
		{A94EE293-CDE0-4FD0-9CB7-6B68F3D453AD} = {13586D62-D483-4B4E-B13E-C344B9D457D7}
		{0BFB49A8-9B80-4FE6-9E34-C78E63A1C9B5} = {13586D62-D483-4B4E-B13E-C344B9D457D7}
	EndGlobalSection
EndGlobal
